
Microsoft Visual Studio Solution File, Format Version 9.00
# Visual Studio 2005
Project("{FAE04EC0-301F-11D3-BF4B-00C04F79EFBC}") = "QuanLyThuVien", "QuanLyThuVien\QuanLyThuVien.csproj", "{27383A72-2716-47D1-B4D4-3A3F059E53CE}"
EndProject
Project("{FAE04EC0-301F-11D3-BF4B-00C04F79EFBC}") = "DAO", "DAO\DAO.csproj", "{615AA06A-C975-428A-B9D9-9254E818A452}"
EndProject
Project("{FAE04EC0-301F-11D3-BF4B-00C04F79EFBC}") = "BUS", "BUS\BUS.csproj", "{8374F08E-D440-4669-A9AD-593BD6657F0D}"
EndProject
Project("{FAE04EC0-301F-11D3-BF4B-00C04F79EFBC}") = "DTO", "DTO\DTO.csproj", "{A73DE7B5-AF7C-4400-BA74-621FF30CD42D}"
EndProject
Global
	GlobalSection(SolutionConfigurationPlatforms) = preSolution
		Debug|Any CPU = Debug|Any CPU
		Release|Any CPU = Release|Any CPU
	EndGlobalSection
	GlobalSection(ProjectConfigurationPlatforms) = postSolution
		{27383A72-2716-47D1-B4D4-3A3F059E53CE}.Debug|Any CPU.ActiveCfg = Debug|Any CPU
		{27383A72-2716-47D1-B4D4-3A3F059E53CE}.Debug|Any CPU.Build.0 = Debug|Any CPU
		{27383A72-2716-47D1-B4D4-3A3F059E53CE}.Release|Any CPU.ActiveCfg = Release|Any CPU
		{27383A72-2716-47D1-B4D4-3A3F059E53CE}.Release|Any CPU.Build.0 = Release|Any CPU
		{615AA06A-C975-428A-B9D9-9254E818A452}.Debug|Any CPU.ActiveCfg = Debug|Any CPU
		{615AA06A-C975-428A-B9D9-9254E818A452}.Debug|Any CPU.Build.0 = Debug|Any CPU
		{615AA06A-C975-428A-B9D9-9254E818A452}.Release|Any CPU.ActiveCfg = Release|Any CPU
		{615AA06A-C975-428A-B9D9-9254E818A452}.Release|Any CPU.Build.0 = Release|Any CPU
		{8374F08E-D440-4669-A9AD-593BD6657F0D}.Debug|Any CPU.ActiveCfg = Debug|Any CPU
		{8374F08E-D440-4669-A9AD-593BD6657F0D}.Debug|Any CPU.Build.0 = Debug|Any CPU
		{8374F08E-D440-4669-A9AD-593BD6657F0D}.Release|Any CPU.ActiveCfg = Release|Any CPU
		{8374F08E-D440-4669-A9AD-593BD6657F0D}.Release|Any CPU.Build.0 = Release|Any CPU
		{A73DE7B5-AF7C-4400-BA74-621FF30CD42D}.Debug|Any CPU.ActiveCfg = Debug|Any CPU
		{A73DE7B5-AF7C-4400-BA74-621FF30CD42D}.Debug|Any CPU.Build.0 = Debug|Any CPU
		{A73DE7B5-AF7C-4400-BA74-621FF30CD42D}.Release|Any CPU.ActiveCfg = Release|Any CPU
		{A73DE7B5-AF7C-4400-BA74-621FF30CD42D}.Release|Any CPU.Build.0 = Release|Any CPU
	EndGlobalSection
	GlobalSection(SolutionProperties) = preSolution
		HideSolutionNode = FALSE
	EndGlobalSection
EndGlobal
